{
  "name": "site",
  "version": "1.0.0",
  "lockfileVersion": 3,
  "requires": true,
  "packages": {
    "": {
      "name": "site",
      "version": "1.0.0",
      "license": "MIT",
      "devDependencies": {
        "@types/desmos": "^1.6.3",
        "typescript": "^5.5.3"
      }
    },
    "node_modules/@types/desmos": {
      "version": "1.6.3",
      "resolved": "https://registry.npmjs.org/@types/desmos/-/desmos-1.6.3.tgz",
      "integrity": "sha512-OloA2cVc2dKAJhA1m8/pTWG3ZpM5Ks2rrRx146qNwFg4feQ6u+kBUOWuEcDC+gicxcZLjb4Gm1bUofcNG9C+vg==",
      "dev": true,
      "license": "MIT"
    },
    "node_modules/typescript": {
      "version": "5.5.3",
      "resolved": "https://registry.npmjs.org/typescript/-/typescript-5.5.3.tgz",
      "integrity": "sha512-/hreyEujaB0w76zKo6717l3L0o/qEUtRgdvUBvlkhoWeOVMjMuHNHk0BRBzikzuGDqNmPQbg5ifMEqsHLiIUcQ==",
      "dev": true,
      "bin": {
        "tsc": "bin/tsc",
        "tsserver": "bin/tsserver"
      },
      "engines": {
        "node": ">=14.17"
      }
    }
  }
}
